PODS:
  - AAInfographics (2.0.4)
  - AFNetworking (3.2.1):
    - AFNetworking/NSURLSession (= 3.2.1)
    - AFNetworking/Reachability (= 3.2.1)
    - AFNetworking/Security (= 3.2.1)
    - AFNetworking/Serialization (= 3.2.1)
    - AFNetworking/UIKit (= 3.2.1)
  - AFNetworking/NSURLSession (3.2.1):
    - AFNetworking/Reachability
    - AFNetworking/Security
    - AFNetworking/Serialization
  - AFNetworking/Reachability (3.2.1)
  - AFNetworking/Security (3.2.1)
  - AFNetworking/Serialization (3.2.1)
  - AFNetworking/UIKit (3.2.1):
    - AFNetworking/NSURLSession
  - Alamofire (4.8.0)
  - Aspects (1.4.1)
  - AVOSCloud (11.4.7)
  - AVOSCloudIM (11.4.7):
    - AVOSCloud (= 11.4.7)
    - AVOSCloudIM/_ARC (= 11.4.7)
    - AVOSCloudIM/_NOARC (= 11.4.7)
  - AVOSCloudIM/_ARC (11.4.7):
    - AVOSCloud (= 11.4.7)
    - AVOSCloudIM/_NOARC (= 11.4.7)
  - AVOSCloudIM/_NOARC (11.4.7):
    - AVOSCloud (= 11.4.7)
  - AXIndicatorView (0.1.1)
  - AXNavigationBackItemInjection (0.0.2)
  - AXPracticalHUD (2.1.4):
    - AXIndicatorView
  - AXWebViewController (0.7.2):
    - Aspects
    - AXNavigationBackItemInjection
    - AXPracticalHUD
    - NJKWebViewProgress
  - Bugly (2.5.0)
  - DACircularProgress (2.3.1)
  - FMDB (2.7.5):
    - FMDB/standard (= 2.7.5)
  - FMDB/standard (2.7.5)
  - GoogleMaps (2.7.0):
    - GoogleMaps/Maps (= 2.7.0)
  - GoogleMaps/Base (2.7.0)
  - GoogleMaps/Maps (2.7.0):
    - GoogleMaps/Base
  - GooglePlaces (2.7.0):
    - GoogleMaps/Base (= 2.7.0)
  - iCarousel (1.8.3)
  - iOS-Echarts (1.4.4)
  - IQKeyboardManagerSwift (6.2.0)
  - Kingfisher (5.0.1)
  - LeanCloud (15.0.0):
    - LeanCloud/Foundation (= 15.0.0)
    - LeanCloud/LocalStorage (= 15.0.0)
    - LeanCloud/Storage (= 15.0.0)
  - LeanCloud/Foundation (15.0.0)
  - LeanCloud/LocalStorage (15.0.0):
    - LeanCloud/Foundation
  - LeanCloud/Storage (15.0.0):
    - Alamofire (~> 4.8.0)
    - LeanCloud/Foundation
    - LeanCloud/LocalStorage
  - MBProgressHUD (0.9.2)
  - MJRefresh (3.1.15.7)
  - MOBFoundation (3.2.0)
  - MonkeyKing (1.12.1)
  - Moya (12.0.1):
    - Moya/Core (= 12.0.1)
  - Moya/Core (12.0.1):
    - Alamofire (~> 4.1)
    - Result (~> 4.0)
  - Moya/ReactiveSwift (12.0.1):
    - Moya/Core
    - ReactiveSwift (~> 4.0)
  - Moya/RxSwift (12.0.1):
    - Moya/Core
    - RxSwift (~> 4.0)
  - MWPhotoBrowser (2.1.2):
    - DACircularProgress (~> 2.3)
    - MBProgressHUD (~> 0.9)
    - "SDWebImage (!= 3.7.2, ~> 3.7)"
  - NJKWebViewProgress (0.2.3):
    - NJKWebViewProgress/Core (= 0.2.3)
    - NJKWebViewProgress/ProgressView (= 0.2.3)
  - NJKWebViewProgress/Core (0.2.3)
  - NJKWebViewProgress/ProgressView (0.2.3)
  - pop (1.0.12)
  - ReactiveCocoa (8.0.2):
    - ReactiveSwift (~> 4.0)
  - ReactiveSwift (4.0.0):
    - Result (~> 4.0)
  - Realm (3.12.0):
    - Realm/Headers (= 3.12.0)
  - Realm/Headers (3.12.0)
  - RealmSwift (3.12.0):
    - Realm (= 3.12.0)
  - Result (4.0.0)
  - RongCloudIM/CallKit (2.8.32):
    - RongCloudIM/CallLib
    - RongCloudIM/IMKit
  - RongCloudIM/CallLib (2.8.32):
    - RongCloudIM/IMLib
  - RongCloudIM/IMKit (2.8.32):
    - RongCloudIM/IMLib
  - RongCloudIM/IMLib (2.8.32)
  - RongCloudIM/RedPacket (2.8.32):
    - RongCloudIM/IMKit
  - RxAtomic (4.4.0)
  - RxCocoa (4.4.0):
    - RxSwift (~> 4.0)
  - RxSwift (4.4.0):
    - RxAtomic (~> 4.4)
  - SDWebImage (3.8.2):
    - SDWebImage/Core (= 3.8.2)
  - SDWebImage/Core (3.8.2)
  - ShareSDK2 (2.12.5):
    - ShareSDK2/Core (= 2.12.5)
  - ShareSDK2/Comment (2.12.5)
  - ShareSDK2/Connection (2.12.5):
    - ShareSDK2/Connection/AliPaySocial (= 2.12.5)
    - ShareSDK2/Connection/Copy (= 2.12.5)
    - ShareSDK2/Connection/DouBan (= 2.12.5)
    - ShareSDK2/Connection/Dropbox (= 2.12.5)
    - ShareSDK2/Connection/EverNote (= 2.12.5)
    - ShareSDK2/Connection/Facebook (= 2.12.5)
    - ShareSDK2/Connection/Flickr (= 2.12.5)
    - ShareSDK2/Connection/GooglePlus (= 2.12.5)
    - ShareSDK2/Connection/Instagram (= 2.12.5)
    - ShareSDK2/Connection/Instapaper (= 2.12.5)
    - ShareSDK2/Connection/KaiXin (= 2.12.5)
    - ShareSDK2/Connection/KaKaoStory (= 2.12.5)
    - ShareSDK2/Connection/KaKaoTalk (= 2.12.5)
    - ShareSDK2/Connection/Line (= 2.12.5)
    - ShareSDK2/Connection/LinkedIn (= 2.12.5)
    - ShareSDK2/Connection/Mail (= 2.12.5)
    - ShareSDK2/Connection/MingDao (= 2.12.5)
    - ShareSDK2/Connection/Pinterest (= 2.12.5)
    - ShareSDK2/Connection/Pocket (= 2.12.5)
    - ShareSDK2/Connection/Print (= 2.12.5)
    - ShareSDK2/Connection/QQ (= 2.12.5)
    - ShareSDK2/Connection/QZone (= 2.12.5)
    - ShareSDK2/Connection/RenRen (= 2.12.5)
    - ShareSDK2/Connection/SinaWeibo (= 2.12.5)
    - ShareSDK2/Connection/SMS (= 2.12.5)
    - ShareSDK2/Connection/TencentWeibo (= 2.12.5)
    - ShareSDK2/Connection/Tumblr (= 2.12.5)
    - ShareSDK2/Connection/Twitter (= 2.12.5)
    - ShareSDK2/Connection/VKontakte (= 2.12.5)
    - ShareSDK2/Connection/WeChat (= 2.12.5)
    - ShareSDK2/Connection/WhatsApp (= 2.12.5)
    - ShareSDK2/Connection/YiXin (= 2.12.5)
    - ShareSDK2/Connection/YouDaoNote (= 2.12.5)
  - ShareSDK2/Connection/AliPaySocial (2.12.5):
    - ShareSDK2/Extend/APSocialSDK
  - ShareSDK2/Connection/Copy (2.12.5)
  - ShareSDK2/Connection/DouBan (2.12.5)
  - ShareSDK2/Connection/Dropbox (2.12.5)
  - ShareSDK2/Connection/EverNote (2.12.5)
  - ShareSDK2/Connection/Facebook (2.12.5)
  - ShareSDK2/Connection/Flickr (2.12.5)
  - ShareSDK2/Connection/GooglePlus (2.12.5):
    - ShareSDK2/Extend/GooglePlusSDK
  - ShareSDK2/Connection/Instagram (2.12.5)
  - ShareSDK2/Connection/Instapaper (2.12.5)
  - ShareSDK2/Connection/KaiXin (2.12.5)
  - ShareSDK2/Connection/KaKaoStory (2.12.5)
  - ShareSDK2/Connection/KaKaoTalk (2.12.5)
  - ShareSDK2/Connection/Line (2.12.5)
  - ShareSDK2/Connection/LinkedIn (2.12.5)
  - ShareSDK2/Connection/Mail (2.12.5)
  - ShareSDK2/Connection/MingDao (2.12.5)
  - ShareSDK2/Connection/Pinterest (2.12.5):
    - ShareSDK2/Extend/Pinterest.embeddedframework
  - ShareSDK2/Connection/Pocket (2.12.5)
  - ShareSDK2/Connection/Print (2.12.5)
  - ShareSDK2/Connection/QQ (2.12.5):
    - ShareSDK2/Extend/QQConnectSDK
  - ShareSDK2/Connection/QZone (2.12.5):
    - ShareSDK2/Extend/QQConnectSDK
  - ShareSDK2/Connection/RenRen (2.12.5):
    - ShareSDK2/Extend/RenRenSDK
  - ShareSDK2/Connection/SinaWeibo (2.12.5):
    - ShareSDK2/Extend/SinaWeiboSDK
  - ShareSDK2/Connection/SMS (2.12.5)
  - ShareSDK2/Connection/TencentWeibo (2.12.5)
  - ShareSDK2/Connection/Tumblr (2.12.5)
  - ShareSDK2/Connection/Twitter (2.12.5)
  - ShareSDK2/Connection/VKontakte (2.12.5)
  - ShareSDK2/Connection/WeChat (2.12.5):
    - ShareSDK2/Extend/WeChatSDK
  - ShareSDK2/Connection/WhatsApp (2.12.5)
  - ShareSDK2/Connection/YiXin (2.12.5):
    - ShareSDK2/Extend/YiXinSDK
  - ShareSDK2/Connection/YouDaoNote (2.12.5)
  - ShareSDK2/Core (2.12.5)
  - ShareSDK2/Extend/APSocialSDK (2.12.5)
  - ShareSDK2/Extend/GooglePlusSDK (2.12.5)
  - ShareSDK2/Extend/Pinterest.embeddedframework (2.12.5)
  - ShareSDK2/Extend/QQConnectSDK (2.12.5)
  - ShareSDK2/Extend/RenRenSDK (2.12.5)
  - ShareSDK2/Extend/SinaWeiboSDK (2.12.5)
  - ShareSDK2/Extend/WeChatSDK (2.12.5)
  - ShareSDK2/Extend/YiXinSDK (2.12.5)
  - ShareSDK2/UI (2.12.5):
    - ShareSDK2/UI/Flat (= 2.12.5)
    - ShareSDK2/UI/iPadDefault (= 2.12.5)
    - ShareSDK2/UI/iPadSimple (= 2.12.5)
    - ShareSDK2/UI/iPhoneAppRecommend (= 2.12.5)
    - ShareSDK2/UI/iPhoneDefault (= 2.12.5)
    - ShareSDK2/UI/iPhoneSimple (= 2.12.5)
  - ShareSDK2/UI/Flat (2.12.5)
  - ShareSDK2/UI/iPadDefault (2.12.5)
  - ShareSDK2/UI/iPadSimple (2.12.5)
  - ShareSDK2/UI/iPhoneAppRecommend (2.12.5)
  - ShareSDK2/UI/iPhoneDefault (2.12.5)
  - ShareSDK2/UI/iPhoneSimple (2.12.5)
  - SnapKit (4.2.0)
  - SSKeychain (1.4.1)
  - Starscream (3.0.6)
  - StarWars (2.0)
  - TZImagePickerController (3.1.5)
  - UMengAnalytics (4.2.4)
  - XCarryOn (0.3.9)
  - XExtension (0.4.0)

DEPENDENCIES:
  - AAInfographics
  - AFNetworking
  - Alamofire
  - AVOSCloud
  - AVOSCloudIM
  - AXWebViewController
  - Bugly
  - FMDB
  - GoogleMaps
  - GooglePlaces
  - iCarousel
  - iOS-Echarts
  - IQKeyboardManagerSwift
  - Kingfisher
  - LeanCloud
  - MJRefresh
  - MOBFoundation
  - MonkeyKing
  - Moya
  - Moya/ReactiveSwift
  - Moya/RxSwift
  - MWPhotoBrowser
  - pop
  - ReactiveCocoa
  - ReactiveSwift
  - RealmSwift
  - RongCloudIM/CallKit
  - RongCloudIM/CallLib
  - RongCloudIM/IMKit
  - RongCloudIM/IMLib
  - RongCloudIM/RedPacket
  - RxCocoa
  - RxSwift
  - ShareSDK2
  - ShareSDK2/Comment
  - ShareSDK2/Connection
  - ShareSDK2/UI
  - SnapKit
  - SSKeychain
  - Starscream
  - StarWars
  - TZImagePickerController
  - UMengAnalytics
  - XCarryOn
  - XExtension

SPEC REPOS:
  https://github.com/cocoapods/specs.git:
    - AAInfographics
    - AFNetworking
    - Alamofire
    - Aspects
    - AVOSCloud
    - AVOSCloudIM
    - AXIndicatorView
    - AXNavigationBackItemInjection
    - AXPracticalHUD
    - AXWebViewController
    - Bugly
    - DACircularProgress
    - FMDB
    - GoogleMaps
    - GooglePlaces
    - iCarousel
    - iOS-Echarts
    - IQKeyboardManagerSwift
    - Kingfisher
    - LeanCloud
    - MBProgressHUD
    - MJRefresh
    - MOBFoundation
    - MonkeyKing
    - Moya
    - MWPhotoBrowser
    - NJKWebViewProgress
    - pop
    - ReactiveCocoa
    - ReactiveSwift
    - Realm
    - RealmSwift
    - Result
    - RongCloudIM
    - RxAtomic
    - RxCocoa
    - RxSwift
    - SDWebImage
    - ShareSDK2
    - SnapKit
    - SSKeychain
    - Starscream
    - StarWars
    - TZImagePickerController
    - UMengAnalytics
    - XCarryOn
    - XExtension

SPEC CHECKSUMS:
  AAInfographics: 10f87e06fc007a0adbb05de020e4a2fe3119f8de
  AFNetworking: b6f891fdfaed196b46c7a83cf209e09697b94057
  Alamofire: 3ec537f71edc9804815215393ae2b1a8ea33a844
  Aspects: 7595ba96a6727a58ebcbfc954497fc5d2fdde546
  AVOSCloud: e1257f9a7c28e04ae8642d554a37654e8392d1b7
  AVOSCloudIM: 5456179b251be8dead13eebabcbbfa6931cc4e1b
  AXIndicatorView: 566b490a2dd9781d4ffbcc9752be9b9cdc6e728e
  AXNavigationBackItemInjection: efe0446967f3cbcc85a9118decd1e145138912dd
  AXPracticalHUD: 821d170b31e050c426ef8754b07b4264a8b1d861
  AXWebViewController: 96566c473fce2806f4da696132b31777f5404c9f
  Bugly: 3ca9f255c01025582df26f9222893b383c7e4b4e
  DACircularProgress: 4dd437c0fc3da5161cb289e07ac449493d41db71
  FMDB: 2ce00b547f966261cd18927a3ddb07cb6f3db82a
  GoogleMaps: f79af95cb24d869457b1f961c93d3ce8b2f3b848
  GooglePlaces: 3d06e6c99654545b4738ce49648745779c25f2ef
  iCarousel: d782f635afac190c49bb8ee455882284cff8b85f
  iOS-Echarts: dbc7423d861e5eedee78906a39d205b5c4da9a13
  IQKeyboardManagerSwift: b07ccf9d8cafe993dcd6cb794eb4ba34611a0c4e
  Kingfisher: 4f771421b9208185217550528a06fd48756cb7c2
  LeanCloud: 62fe4e615494425081fd719c0d56fae130f764ea
  MBProgressHUD: 1569cf7ace17a8bac47aabfbb8580a49690386d1
  MJRefresh: 697f8ec75ebdbe9207767bb682cf0f51b0d8a41f
  MOBFoundation: ca11e6640e995875ff755faa56ea324eed260e70
  MonkeyKing: 280cdc68eb39f8b899b17fdfe994a695f6fdc636
  Moya: cf730b3cd9e005401ef37a85143aa141a12fd38f
  MWPhotoBrowser: 5836d7aa041dc05a13de380c246826578adc5ea5
  NJKWebViewProgress: f481fd424cb5ecc27eacae11b5397db92fba9a4d
  pop: d582054913807fd11fd50bfe6a539d91c7e1a55a
  ReactiveCocoa: fbd26e9ba60e98417ee47433e59465a98ed9da0f
  ReactiveSwift: a2bb9ace428a109e9c0209615645d9d286c8c433
  Realm: cdaef23c4ddb36ab1ddffed23f5a7f3332fc5585
  RealmSwift: 5576324033f0aa5ef1e0a839a3da2281dff47a7f
  Result: 7645bb3f50c2ce726dd0ff2fa7b6f42bbe6c3713
  RongCloudIM: 48bfc2fcb8d7cae8ce1e19cb5fb26d6d90616375
  RxAtomic: eacf60db868c96bfd63320e28619fe29c179656f
  RxCocoa: df63ebf7b9a70d6b4eeea407ed5dd4efc8979749
  RxSwift: 5976ecd04fc2fefd648827c23de5e11157faa973
  SDWebImage: 098e97e6176540799c27e804c96653ee0833d13c
  ShareSDK2: c076a9ea57d9d87650130b8071f2bcf0f169cb94
  SnapKit: fe8a619752f3f27075cc9a90244d75c6c3f27e2a
  SSKeychain: 55cc80f66f5c73da827e3077f02e43528897db41
  Starscream: ef3ece99d765eeccb67de105bfa143f929026cf5
  StarWars: 3c68dc5e9f1b6ca6d407b1d4218fd8a65c2eacfa
  TZImagePickerController: 6cc6e9c1a73bb8e62cfef98fd40af2d90634dcf5
  UMengAnalytics: ef8d45f94c0e5771dc364cf6a5731d9d3b101da2
  XCarryOn: 5fc35e5080ae50c835d94f4976b4784a87978d71
  XExtension: 403513a797a2c2ddf5d7af9ab8c54b2efc4312ae

PODFILE CHECKSUM: c2007dc6e76ce8b16c303193f3e48a6543357c6d

COCOAPODS: 1.5.3
