PODS:
  - Alamofire (5.4.3)
  - BaiduMapKit (6.3.1):
    - BaiduMapKit/Base (= 6.3.1)
    - BaiduMapKit/Cloud (= 6.3.1)
    - BaiduMapKit/Map (= 6.3.1)
    - BaiduMapKit/Search (= 6.3.1)
    - BaiduMapKit/Utils (= 6.3.1)
  - BaiduMapKit/Base (6.3.1)
  - BaiduMapKit/Cloud (6.3.1):
    - BaiduMapKit/Base
  - BaiduMapKit/Map (6.3.1):
    - BaiduMapKit/Base
  - BaiduMapKit/Search (6.3.1):
    - BaiduMapKit/Base
  - BaiduMapKit/Utils (6.3.1):
    - BaiduMapKit/Base
  - BlocksKit (2.2.5):
    - BlocksKit/All (= 2.2.5)
  - BlocksKit/All (2.2.5):
    - BlocksKit/Core
    - BlocksKit/DynamicDelegate
    - BlocksKit/MessageUI
    - BlocksKit/UIKit
  - BlocksKit/Core (2.2.5)
  - BlocksKit/DynamicDelegate (2.2.5)
  - BlocksKit/MessageUI (2.2.5):
    - BlocksKit/Core
    - BlocksKit/DynamicDelegate
  - BlocksKit/UIKit (2.2.5):
    - BlocksKit/Core
    - BlocksKit/DynamicDelegate
  - iOS-Echarts (1.4.4)
  - IQKeyboardManager (6.5.6)
  - Kingfisher (6.3.1)
  - MJRefresh (3.7.2)
  - Moya (14.0.0):
    - Moya/Core (= 14.0.0)
  - Moya/Core (14.0.0):
    - Alamofire (~> 5.0)
  - Realm (10.13.0):
    - Realm/Headers (= 10.13.0)
  - Realm/Headers (10.13.0)
  - RealmSwift (10.13.0):
    - Realm (= 10.13.0)
  - RxCocoa (6.2.0):
    - RxRelay (= 6.2.0)
    - RxSwift (= 6.2.0)
  - RxRelay (6.2.0):
    - RxSwift (= 6.2.0)
  - RxSwift (6.2.0)
  - SnapKit (5.0.1)

DEPENDENCIES:
  - Alamofire
  - BaiduMapKit
  - BlocksKit
  - iOS-Echarts
  - IQKeyboardManager
  - Kingfisher
  - MJRefresh
  - Moya
  - Realm
  - RealmSwift
  - RxCocoa
  - RxSwift
  - SnapKit

SPEC REPOS:
  trunk:
    - Alamofire
    - BaiduMapKit
    - BlocksKit
    - iOS-Echarts
    - IQKeyboardManager
    - Kingfisher
    - MJRefresh
    - Moya
    - Realm
    - RealmSwift
    - RxCocoa
    - RxRelay
    - RxSwift
    - SnapKit

SPEC CHECKSUMS:
  Alamofire: e447a2774a40c996748296fa2c55112fdbbc42f9
  BaiduMapKit: 40ccaf53ad83c187d8c9ccbeb9851fab8194da64
  BlocksKit: 7f422b971407001178d181a43b99014ea2591fe6
  iOS-Echarts: dbc7423d861e5eedee78906a39d205b5c4da9a13
  IQKeyboardManager: 2a6e97afdafc7becf0cb17a9a8d795e3a980717f
  Kingfisher: 016c8b653a35add51dd34a3aba36b580041acc74
  MJRefresh: 30997d30b347c8e9508a4db11e3a690da0c9b85a
  Moya: 5b45dacb75adb009f97fde91c204c1e565d31916
  Realm: e3a1225aafa7cec96a020dc199201b9d1f9cd59c
  RealmSwift: 62585b4a934754a9d9117331689f4e8a5b1f6113
  RxCocoa: 4baf94bb35f2c0ab31bc0cb9f1900155f646ba42
  RxRelay: e72dbfd157807478401ef1982e1c61c945c94b2f
  RxSwift: d356ab7bee873611322f134c5f9ef379fa183d8f
  SnapKit: 97b92857e3df3a0c71833cce143274bf6ef8e5eb

PODFILE CHECKSUM: 4fe438cc0bfff5b29b6853669278560704490b67

COCOAPODS: 1.10.1
